{
  "name": "lora",
  "version": "1.0.0",
  "lockfileVersion": 1,
  "requires": true,
  "dependencies": {
    "async": {
      "version": "2.6.0",
      "resolved": "https://registry.npmjs.org/async/-/async-2.6.0.tgz",
      "integrity": "sha512-xAfGg1/NTLBBKlHFmnd7PlmUW9KhVQIUuSrYem9xzFUZy13ScvtyGGejaae9iAVRiRq9+Cx7DPFaAAhCpyxyPw==",
      "requires": {
        "lodash": "4.17.4"
      }
    },
    "bindings": {
      "version": "1.3.0",
      "resolved": "https://registry.npmjs.org/bindings/-/bindings-1.3.0.tgz",
      "integrity": "sha512-DpLh5EzMR2kzvX1KIlVC0VkC3iZtHKTgdtZ0a3pglBZdaQFjt5S9g9xd1lE+YvXyfd6mtCeRnrUfOLYiTMlNSw=="
    },
    "epoll": {
      "version": "1.0.2",
      "resolved": "https://registry.npmjs.org/epoll/-/epoll-1.0.2.tgz",
      "integrity": "sha512-3t2crZPej4v60YYvXE/pgJ62D4RZBd/UsEXsHd+H3xtDre0vO8aV9O+0ThIPlfZtHJ4vMPhz55fYK1j37rX9Ng==",
      "requires": {
        "bindings": "1.3.0",
        "nan": "2.8.0"
      }
    },
    "lodash": {
      "version": "4.17.4",
      "resolved": "https://registry.npmjs.org/lodash/-/lodash-4.17.4.tgz",
      "integrity": "sha1-eCA6TRwyiuHYbcpkYONptX9AVa4="
    },
    "nan": {
      "version": "2.8.0",
      "resolved": "https://registry.npmjs.org/nan/-/nan-2.8.0.tgz",
      "integrity": "sha1-7XFfP+neArV6XmJS2QqWZ14fCFo="
    },
    "onoff": {
      "version": "1.1.9",
      "resolved": "https://registry.npmjs.org/onoff/-/onoff-1.1.9.tgz",
      "integrity": "sha512-jdEpAGp9kEu1qec9MqTB1rPdglxJh3YrxKMhSvGSUm0zeQWuHH4LCHkrW+rgEYec8uKuqa0FQOvfISj5Crkw0Q==",
      "requires": {
        "epoll": "1.0.2"
      }
    },
    "spi-device": {
      "version": "0.2.6",
      "resolved": "https://registry.npmjs.org/spi-device/-/spi-device-0.2.6.tgz",
      "integrity": "sha1-tmosN1gAsqgFQXZUIuFU4Ln8bE8=",
      "requires": {
        "bindings": "1.2.1",
        "nan": "2.5.1"
      },
      "dependencies": {
        "bindings": {
          "version": "1.2.1",
          "resolved": "https://registry.npmjs.org/bindings/-/bindings-1.2.1.tgz",
          "integrity": "sha1-FK1hE4EtLTfXLme0ystLtyZQXxE="
        },
        "nan": {
          "version": "2.5.1",
          "resolved": "https://registry.npmjs.org/nan/-/nan-2.5.1.tgz",
          "integrity": "sha1-1bAWkSUzJql6K77p5hxV2NYDUeI="
        }
      }
    },
    "sx127x": {
      "version": "0.0.0",
      "resolved": "https://registry.npmjs.org/sx127x/-/sx127x-0.0.0.tgz",
      "integrity": "sha1-0/Ui6hAv39yUA2DxbxRWKPBabO4=",
      "requires": {
        "async": "2.6.0",
        "onoff": "1.1.9",
        "spi-device": "0.2.6"
      }
    }
  }
}
